
Microsoft Visual Studio Solution File, Format Version 12.00
# Visual Studio Version 16
VisualStudioVersion = 16.0.29230.47
MinimumVisualStudioVersion = 10.0.40219.1
Project("{FAE04EC0-301F-11D3-BF4B-00C04F79EFBC}") = "modalPopUpEXample1", "modalPopUpEXample1\modalPopUpEXample1.csproj", "{F390D511-2168-4EAA-8F4A-96863FD896EF}"
EndProject
Global
	GlobalSection(SolutionConfigurationPlatforms) = preSolution
		Debug|Any CPU = Debug|Any CPU
		Release|Any CPU = Release|Any CPU
	EndGlobalSection
	GlobalSection(ProjectConfigurationPlatforms) = postSolution
		{F390D511-2168-4EAA-8F4A-96863FD896EF}.Debug|Any CPU.ActiveCfg = Debug|Any CPU
		{F390D511-2168-4EAA-8F4A-96863FD896EF}.Debug|Any CPU.Build.0 = Debug|Any CPU
		{F390D511-2168-4EAA-8F4A-96863FD896EF}.Release|Any CPU.ActiveCfg = Release|Any CPU
		{F390D511-2168-4EAA-8F4A-96863FD896EF}.Release|Any CPU.Build.0 = Release|Any CPU
	EndGlobalSection
	GlobalSection(SolutionProperties) = preSolution
		HideSolutionNode = FALSE
	EndGlobalSection
	GlobalSection(ExtensibilityGlobals) = postSolution
		SolutionGuid = {7F66764F-0A95-4077-8EDF-AE5675174E9E}
	EndGlobalSection
EndGlobal
